PODS:
  - AloeStackView (1.2.0)
  - incetro-validator (0.0.2)
  - swift-layout (0.0.2)

DEPENDENCIES:
  - AloeStackView
  - incetro-validator
  - swift-layout

SPEC REPOS:
  trunk:
    - AloeStackView
    - incetro-validator
    - swift-layout

SPEC CHECKSUMS:
  AloeStackView: 8a4ce0efa08128dd78d538372f60c76c224034bb
  incetro-validator: bb719e35a963be216d423e093b4f08abe838efa7
  swift-layout: fbba262013629381d4b6363b92639b651a9d3a75

PODFILE CHECKSUM: 45ad5a9f3569b108b8b7ac5e814f319325499f06

COCOAPODS: 1.10.0
